
Microsoft Visual Studio Solution File, Format Version 12.00
# Visual Studio 2013
VisualStudioVersion = 12.0.30501.0
MinimumVisualStudioVersion = 10.0.40219.1
Project("{FAE04EC0-301F-11D3-BF4B-00C04F79EFBC}") = "SoftuniNewsFeed.Client", "SoftuniNewsFeed.Client\SoftuniNewsFeed.Client.csproj", "{5C84ECBE-C562-4021-B257-8176DA517C9F}"
EndProject
Project("{FAE04EC0-301F-11D3-BF4B-00C04F79EFBC}") = "Models", "Models\Models.csproj", "{2E4726A8-9930-43FA-93A8-7F267F33E308}"
EndProject
Global
	GlobalSection(SolutionConfigurationPlatforms) = preSolution
		Debug|Any CPU = Debug|Any CPU
		Release|Any CPU = Release|Any CPU
	EndGlobalSection
	GlobalSection(ProjectConfigurationPlatforms) = postSolution
		{5C84ECBE-C562-4021-B257-8176DA517C9F}.Debug|Any CPU.ActiveCfg = Debug|Any CPU
		{5C84ECBE-C562-4021-B257-8176DA517C9F}.Debug|Any CPU.Build.0 = Debug|Any CPU
		{5C84ECBE-C562-4021-B257-8176DA517C9F}.Release|Any CPU.ActiveCfg = Release|Any CPU
		{5C84ECBE-C562-4021-B257-8176DA517C9F}.Release|Any CPU.Build.0 = Release|Any CPU
		{2E4726A8-9930-43FA-93A8-7F267F33E308}.Debug|Any CPU.ActiveCfg = Debug|Any CPU
		{2E4726A8-9930-43FA-93A8-7F267F33E308}.Debug|Any CPU.Build.0 = Debug|Any CPU
		{2E4726A8-9930-43FA-93A8-7F267F33E308}.Release|Any CPU.ActiveCfg = Release|Any CPU
		{2E4726A8-9930-43FA-93A8-7F267F33E308}.Release|Any CPU.Build.0 = Release|Any CPU
	EndGlobalSection
	GlobalSection(SolutionProperties) = preSolution
		HideSolutionNode = FALSE
	EndGlobalSection
EndGlobal
